
Microsoft Visual Studio Solution File, Format Version 12.00
# Visual Studio 15
VisualStudioVersion = 15.0.26730.15
MinimumVisualStudioVersion = 10.0.40219.1
Project("{9A19103F-16F7-4668-BE54-9A1E7A4F7556}") = "AreaCalculator", "AreaCalculator.csproj", "{05A33BF2-B10A-4E5B-AE05-831AE12D573C}"
EndProject
Project("{9A19103F-16F7-4668-BE54-9A1E7A4F7556}") = "AreaCalculator.Tests", "..\AreaCalculator.Tests\AreaCalculator.Tests.csproj", "{7A92B040-DDD7-41B6-B4E2-BF5BBC608A39}"
EndProject
Global
	GlobalSection(SolutionConfigurationPlatforms) = preSolution
		Debug|Any CPU = Debug|Any CPU
		Release|Any CPU = Release|Any CPU
	EndGlobalSection
	GlobalSection(ProjectConfigurationPlatforms) = postSolution
		{05A33BF2-B10A-4E5B-AE05-831AE12D573C}.Debug|Any CPU.ActiveCfg = Debug|Any CPU
		{05A33BF2-B10A-4E5B-AE05-831AE12D573C}.Debug|Any CPU.Build.0 = Debug|Any CPU
		{05A33BF2-B10A-4E5B-AE05-831AE12D573C}.Release|Any CPU.ActiveCfg = Release|Any CPU
		{05A33BF2-B10A-4E5B-AE05-831AE12D573C}.Release|Any CPU.Build.0 = Release|Any CPU
		{7A92B040-DDD7-41B6-B4E2-BF5BBC608A39}.Debug|Any CPU.ActiveCfg = Debug|Any CPU
		{7A92B040-DDD7-41B6-B4E2-BF5BBC608A39}.Debug|Any CPU.Build.0 = Debug|Any CPU
		{7A92B040-DDD7-41B6-B4E2-BF5BBC608A39}.Release|Any CPU.ActiveCfg = Release|Any CPU
		{7A92B040-DDD7-41B6-B4E2-BF5BBC608A39}.Release|Any CPU.Build.0 = Release|Any CPU
	EndGlobalSection
	GlobalSection(SolutionProperties) = preSolution
		HideSolutionNode = FALSE
	EndGlobalSection
	GlobalSection(ExtensibilityGlobals) = postSolution
		SolutionGuid = {DB9FE67D-6993-4766-8065-D48FB009B371}
	EndGlobalSection
EndGlobal
